
Microsoft Visual Studio Solution File, Format Version 12.00
# Visual Studio Version 17
VisualStudioVersion = 17.3.32929.385
MinimumVisualStudioVersion = 10.0.40219.1
Project("{FAE04EC0-301F-11D3-BF4B-00C04F79EFBC}") = "BeHealthBackend", "BeHealthBackend\BeHealthBackend.csproj", "{D9248425-5D75-4473-A118-6D0AD3EF58B7}"
EndProject
Project("{FAE04EC0-301F-11D3-BF4B-00C04F79EFBC}") = "BeHealthBackendTests", "BeHealthBackendTests\BeHealthBackendTests.csproj", "{0AFEE9E9-8102-4628-ACFB-287FAEEE999D}"
EndProject
Global
	GlobalSection(SolutionConfigurationPlatforms) = preSolution
		Debug|Any CPU = Debug|Any CPU
		Release|Any CPU = Release|Any CPU
	EndGlobalSection
	GlobalSection(ProjectConfigurationPlatforms) = postSolution
		{D9248425-5D75-4473-A118-6D0AD3EF58B7}.Debug|Any CPU.ActiveCfg = Debug|Any CPU
		{D9248425-5D75-4473-A118-6D0AD3EF58B7}.Debug|Any CPU.Build.0 = Debug|Any CPU
		{D9248425-5D75-4473-A118-6D0AD3EF58B7}.Release|Any CPU.ActiveCfg = Release|Any CPU
		{D9248425-5D75-4473-A118-6D0AD3EF58B7}.Release|Any CPU.Build.0 = Release|Any CPU
		{0AFEE9E9-8102-4628-ACFB-287FAEEE999D}.Debug|Any CPU.ActiveCfg = Debug|Any CPU
		{0AFEE9E9-8102-4628-ACFB-287FAEEE999D}.Debug|Any CPU.Build.0 = Debug|Any CPU
		{0AFEE9E9-8102-4628-ACFB-287FAEEE999D}.Release|Any CPU.ActiveCfg = Release|Any CPU
		{0AFEE9E9-8102-4628-ACFB-287FAEEE999D}.Release|Any CPU.Build.0 = Release|Any CPU
	EndGlobalSection
	GlobalSection(SolutionProperties) = preSolution
		HideSolutionNode = FALSE
	EndGlobalSection
	GlobalSection(ExtensibilityGlobals) = postSolution
		SolutionGuid = {20343E4C-C68B-4CAE-88C6-F2D0B72DA932}
	EndGlobalSection
EndGlobal
